# This file is autogenerated, do not edit; changes may be undone by the next 'dep ensure'.


[[projects]]
  name = "github.com/BurntSushi/toml"
  packages = ["."]
  revision = "b26d9c308763d68093482582cea63d69be07a0f0"
  version = "v0.3.0"

[[projects]]
  name = "github.com/segmentio/go-env"
  packages = ["."]
  revision = "697cb7247f28a87557cc27361ceaa1d0e11ff565"
  version = "v1.1.0"

[solve-meta]
  analyzer-name = "dep"
  analyzer-version = 1
  inputs-digest = "0963887f1a5742ffcf4fcedae12fc1494721a97b09bb00526f3149b9951caf06"
  solver-name = "gps-cdcl"
  solver-version = 1
